
Microsoft Visual Studio Solution File, Format Version 12.00
# Visual Studio Version 17
VisualStudioVersion = 17.12.35514.174
MinimumVisualStudioVersion = 10.0.40219.1
Project("{2150E333-8FDC-42A3-9474-1A3956D46DE8}") = "src", "src", "{1A89692F-CF93-4969-A60B-CA5C601F7527}"
EndProject
Project("{2150E333-8FDC-42A3-9474-1A3956D46DE8}") = "test", "test", "{16AB618A-A0FF-4C37-A053-E557F0E56394}"
EndProject
Project("{FAE04EC0-301F-11D3-BF4B-00C04F79EFBC}") = "TelegramAsDatabase", "src\TelegramAsDatabase\TelegramAsDatabase.csproj", "{C7B425F1-D3F4-4265-9777-1608053FD442}"
EndProject
Project("{2150E333-8FDC-42A3-9474-1A3956D46DE8}") = "Integration", "Integration", "{6C2A317A-12B4-4C62-B516-38368666FDEE}"
EndProject
Project("{FAE04EC0-301F-11D3-BF4B-00C04F79EFBC}") = "Test.Integration.WebApi", "test\Integration\Test.Integration.WebApi\Test.Integration.WebApi.csproj", "{7F5D2A60-6C08-4364-8BE3-0D1CFF67DA7E}"
EndProject
Project("{2150E333-8FDC-42A3-9474-1A3956D46DE8}") = "UnitTest", "UnitTest", "{6D3D7A1F-D8DB-41C7-893C-9F5FF930CBAB}"
EndProject
Global
	GlobalSection(SolutionConfigurationPlatforms) = preSolution
		Debug|Any CPU = Debug|Any CPU
		Release|Any CPU = Release|Any CPU
	EndGlobalSection
	GlobalSection(ProjectConfigurationPlatforms) = postSolution
		{C7B425F1-D3F4-4265-9777-1608053FD442}.Debug|Any CPU.ActiveCfg = Debug|Any CPU
		{C7B425F1-D3F4-4265-9777-1608053FD442}.Debug|Any CPU.Build.0 = Debug|Any CPU
		{C7B425F1-D3F4-4265-9777-1608053FD442}.Release|Any CPU.ActiveCfg = Release|Any CPU
		{C7B425F1-D3F4-4265-9777-1608053FD442}.Release|Any CPU.Build.0 = Release|Any CPU
		{7F5D2A60-6C08-4364-8BE3-0D1CFF67DA7E}.Debug|Any CPU.ActiveCfg = Debug|Any CPU
		{7F5D2A60-6C08-4364-8BE3-0D1CFF67DA7E}.Debug|Any CPU.Build.0 = Debug|Any CPU
		{7F5D2A60-6C08-4364-8BE3-0D1CFF67DA7E}.Release|Any CPU.ActiveCfg = Release|Any CPU
		{7F5D2A60-6C08-4364-8BE3-0D1CFF67DA7E}.Release|Any CPU.Build.0 = Release|Any CPU
	EndGlobalSection
	GlobalSection(SolutionProperties) = preSolution
		HideSolutionNode = FALSE
	EndGlobalSection
	GlobalSection(NestedProjects) = preSolution
		{C7B425F1-D3F4-4265-9777-1608053FD442} = {1A89692F-CF93-4969-A60B-CA5C601F7527}
		{6C2A317A-12B4-4C62-B516-38368666FDEE} = {16AB618A-A0FF-4C37-A053-E557F0E56394}
		{7F5D2A60-6C08-4364-8BE3-0D1CFF67DA7E} = {6C2A317A-12B4-4C62-B516-38368666FDEE}
		{6D3D7A1F-D8DB-41C7-893C-9F5FF930CBAB} = {16AB618A-A0FF-4C37-A053-E557F0E56394}
	EndGlobalSection
EndGlobal
